
Microsoft Visual Studio Solution File, Format Version 12.00
# Visual Studio Version 16
VisualStudioVersion = 25.0.1706.11
MinimumVisualStudioVersion = 10.0.40219.1
Project("{FAE04EC0-301F-11D3-BF4B-00C04F79EFBC}") = "LoopsIteration", "LoopsIteration\LoopsIteration.csproj", "{79EF0EAC-F2FD-47F5-AC95-7147F523CA7D}"
EndProject
Global
	GlobalSection(SolutionConfigurationPlatforms) = preSolution
		Debug|Any CPU = Debug|Any CPU
		Release|Any CPU = Release|Any CPU
	EndGlobalSection
	GlobalSection(ProjectConfigurationPlatforms) = postSolution
		{79EF0EAC-F2FD-47F5-AC95-7147F523CA7D}.Debug|Any CPU.ActiveCfg = Debug|Any CPU
		{79EF0EAC-F2FD-47F5-AC95-7147F523CA7D}.Debug|Any CPU.Build.0 = Debug|Any CPU
		{79EF0EAC-F2FD-47F5-AC95-7147F523CA7D}.Release|Any CPU.ActiveCfg = Release|Any CPU
		{79EF0EAC-F2FD-47F5-AC95-7147F523CA7D}.Release|Any CPU.Build.0 = Release|Any CPU
	EndGlobalSection
	GlobalSection(SolutionProperties) = preSolution
		HideSolutionNode = FALSE
	EndGlobalSection
	GlobalSection(ExtensibilityGlobals) = postSolution
		SolutionGuid = {09271F10-CAC5-48FA-B083-41B74DDE8FC4}
	EndGlobalSection
EndGlobal
